PODS:
  - Alamofire (5.4.1)
  - SwiftyJSON (5.0.1)

DEPENDENCIES:
  - Alamofire
  - SwiftyJSON (~> 5.0.1)

SPEC REPOS:
  trunk:
    - Alamofire
    - SwiftyJSON

SPEC CHECKSUMS:
  Alamofire: 2291f7d21ca607c491dd17642e5d40fdcda0e65c
  SwiftyJSON: 2f33a42c6fbc52764d96f13368585094bfd8aa5e

PODFILE CHECKSUM: 16a2a0b46f3d5035b2e5857ccb79958ea2bb41a5

COCOAPODS: 1.10.1
